// !$*UTF8*$!
{
	archiveVersion = 1;
	classes = {
	};
	objectVersion = 77;
	objects = {

/* Begin PBXBuildFile section */
		4355141030328EF2004D5BAF /* PiOSCore in Frameworks */ = {isa = PBXBuildFile; productRef = 4355140F30328EF2004D5BAF /* PiOSCore */; };
/* End PBXBuildFile section */

/* Begin PBXContainerItemProxy section */
		4355141930328F63004D5BAF /* PBXContainerItemProxy */ = {
			isa = PBXContainerItemProxy;
			containerPortal = 435513F730328E25004D5BAF /* Project object */;
			proxyType = 1;
			remoteGlobalIDString = 435513FE30328E25004D5BAF;
			remoteInfo = PiOS;
		};
/* End PBXContainerItemProxy section */

/* Begin PBXFileReference section */
		435513FF30328E25004D5BAF /* PiOS.app */ = {isa = PBXFileReference; explicitFileType = wrapper.application; includeInIndex = 0; path = PiOS.app; sourceTree = BUILT_PRODUCTS_DIR; };
		4355140D30328EA0004D5BAF /* PiOSCore */ = {isa = PBXFileReference; lastKnownFileType = wrapper; name = PiOSCore; path = ../PiOSCore; sourceTree = SOURCE_ROOT; };
		4355141530328F63004D5BAF /* PiOSInfrastructureTests.xctest */ = {isa = PBXFileReference; explicitFileType = wrapper.cfbundle; includeInIndex = 0; path = PiOSInfrastructureTests.xctest; sourceTree = BUILT_PRODUCTS_DIR; };
		4355142B303293ED004D5BAF /* Performance.xctestplan */ = {isa = PBXFileReference; lastKnownFileType = text; name = Performance.xctestplan; path = ../TestPlans/Performance.xctestplan; sourceTree = SOURCE_ROOT; };
		4355142D30329456004D5BAF /* PullRequest.xctestplan */ = {isa = PBXFileReference; lastKnownFileType = text; name = PullRequest.xctestplan; path = ../TestPlans/PullRequest.xctestplan; sourceTree = SOURCE_ROOT; };
		4355142F30329470004D5BAF /* UI.xctestplan */ = {isa = PBXFileReference; lastKnownFileType = text; name = UI.xctestplan; path = ../TestPlans/UI.xctestplan; sourceTree = SOURCE_ROOT; };
/* End PBXFileReference section */

/* Begin PBXFileSystemSynchronizedRootGroup section */
		4355140130328E25004D5BAF /* PiOSApp */ = {
			isa = PBXFileSystemSynchronizedRootGroup;
			path = PiOSApp;
			sourceTree = "<group>";
		};
		4355141630328F63004D5BAF /* PiOSInfrastructureTests */ = {
			isa = PBXFileSystemSynchronizedRootGroup;
			path = PiOSInfrastructureTests;
			sourceTree = "<group>";
		};
		4355141E30329080004D5BAF /* Config */ = {
			isa = PBXFileSystemSynchronizedRootGroup;
			path = Config;
			sourceTree = "<group>";
		};
/* End PBXFileSystemSynchronizedRootGroup section */

/* Begin PBXFrameworksBuildPhase section */
		435513FC30328E25004D5BAF /* Frameworks */ = {
			isa = PBXFrameworksBuildPhase;
			buildActionMask = 2147483647;
			files = (
				4355141030328EF2004D5BAF /* PiOSCore in Frameworks */,
			);
			runOnlyForDeploymentPostprocessing = 0;
		};
		4355141230328F63004D5BAF /* Frameworks */ = {
			isa = PBXFrameworksBuildPhase;
			buildActionMask = 2147483647;
			files = (
			);
			runOnlyForDeploymentPostprocessing = 0;
		};
/* End PBXFrameworksBuildPhase section */

/* Begin PBXGroup section */
		435513F630328E25004D5BAF = {
			isa = PBXGroup;
			children = (
				4355142F30329470004D5BAF /* UI.xctestplan */,
				4355142D30329456004D5BAF /* PullRequest.xctestplan */,
				4355142B303293ED004D5BAF /* Performance.xctestplan */,
				4355140D30328EA0004D5BAF /* PiOSCore */,
				4355140130328E25004D5BAF /* PiOSApp */,
				4355141630328F63004D5BAF /* PiOSInfrastructureTests */,
				4355140E30328EF2004D5BAF /* Frameworks */,
				4355140030328E25004D5BAF /* Products */,
				4355141E30329080004D5BAF /* Config */,
			);
			sourceTree = "<group>";
		};
		4355140030328E25004D5BAF /* Products */ = {
			isa = PBXGroup;
			children = (
				435513FF30328E25004D5BAF /* PiOS.app */,
				4355141530328F63004D5BAF /* PiOSInfrastructureTests.xctest */,
			);
			name = Products;
			sourceTree = "<group>";
		};
		4355140E30328EF2004D5BAF /* Frameworks */ = {
			isa = PBXGroup;
			children = (
			);
			name = Frameworks;
			sourceTree = "<group>";
		};
/* End PBXGroup section */

/* Begin PBXNativeTarget section */
		435513FE30328E25004D5BAF /* PiOS */ = {
			isa = PBXNativeTarget;
			buildConfigurationList = 4355140A30328E26004D5BAF /* Build configuration list for PBXNativeTarget "PiOS" */;
			buildPhases = (
				435513FB30328E25004D5BAF /* Sources */,
				435513FC30328E25004D5BAF /* Frameworks */,
				435513FD30328E25004D5BAF /* Resources */,
			);
			buildRules = (
			);
			dependencies = (
			);
			fileSystemSynchronizedGroups = (
				4355140130328E25004D5BAF /* PiOSApp */,
			);
			name = PiOS;
			packageProductDependencies = (
				4355140F30328EF2004D5BAF /* PiOSCore */,
			);
			productName = PiOS;
			productReference = 435513FF30328E25004D5BAF /* PiOS.app */;
			productType = "com.apple.product-type.application";
		};
		4355141430328F63004D5BAF /* PiOSInfrastructureTests */ = {
			isa = PBXNativeTarget;
			buildConfigurationList = 4355141B30328F63004D5BAF /* Build configuration list for PBXNativeTarget "PiOSInfrastructureTests" */;
			buildPhases = (
				4355141130328F63004D5BAF /* Sources */,
				4355141230328F63004D5BAF /* Frameworks */,
				4355141330328F63004D5BAF /* Resources */,
			);
			buildRules = (
			);
			dependencies = (
				4355141A30328F63004D5BAF /* PBXTargetDependency */,
			);
			fileSystemSynchronizedGroups = (
				4355141630328F63004D5BAF /* PiOSInfrastructureTests */,
			);
			name = PiOSInfrastructureTests;
			packageProductDependencies = (
			);
			productName = PiOSInfrastructureTests;
			productReference = 4355141530328F63004D5BAF /* PiOSInfrastructureTests.xctest */;
			productType = "com.apple.product-type.bundle.unit-test";
		};
/* End PBXNativeTarget section */

/* Begin PBXProject section */
		435513F730328E25004D5BAF /* Project object */ = {
			isa = PBXProject;
			attributes = {
				BuildIndependentTargetsInParallel = 1;
				LastSwiftUpdateCheck = 2610;
				LastUpgradeCheck = 2610;
				TargetAttributes = {
					435513FE30328E25004D5BAF = {
						CreatedOnToolsVersion = 26.1.1;
					};
					4355141430328F63004D5BAF = {
						CreatedOnToolsVersion = 26.1.1;
						TestTargetID = 435513FE30328E25004D5BAF;
					};
				};
			};
			buildConfigurationList = 435513FA30328E25004D5BAF /* Build configuration list for PBXProject "PiOS" */;
			developmentRegion = en;
			hasScannedForEncodings = 0;
			knownRegions = (
				en,
				Base,
			);
			mainGroup = 435513F630328E25004D5BAF;
			minimizedProjectReferenceProxies = 1;
			preferredProjectObjectVersion = 77;
			productRefGroup = 4355140030328E25004D5BAF /* Products */;
			projectDirPath = "";
			projectRoot = "";
			targets = (
				435513FE30328E25004D5BAF /* PiOS */,
				4355141430328F63004D5BAF /* PiOSInfrastructureTests */,
			);
		};
/* End PBXProject section */

/* Begin PBXResourcesBuildPhase section */
		435513FD30328E25004D5BAF /* Resources */ = {
			isa = PBXResourcesBuildPhase;
			buildActionMask = 2147483647;
			files = (
			);
			runOnlyForDeploymentPostprocessing = 0;
		};
		4355141330328F63004D5BAF /* Resources */ = {
			isa = PBXResourcesBuildPhase;
			buildActionMask = 2147483647;
			files = (
			);
			runOnlyForDeploymentPostprocessing = 0;
		};
/* End PBXResourcesBuildPhase section */

/* Begin PBXSourcesBuildPhase section */
		435513FB30328E25004D5BAF /* Sources */ = {
			isa = PBXSourcesBuildPhase;
			buildActionMask = 2147483647;
			files = (
			);
			runOnlyForDeploymentPostprocessing = 0;
		};
		4355141130328F63004D5BAF /* Sources */ = {
			isa = PBXSourcesBuildPhase;
			buildActionMask = 2147483647;
			files = (
			);
			runOnlyForDeploymentPostprocessing = 0;
		};
/* End PBXSourcesBuildPhase section */

/* Begin PBXTargetDependency section */
		4355141A30328F63004D5BAF /* PBXTargetDependency */ = {
			isa = PBXTargetDependency;
			target = 435513FE30328E25004D5BAF /* PiOS */;
			targetProxy = 4355141930328F63004D5BAF /* PBXContainerItemProxy */;
		};
/* End PBXTargetDependency section */

/* Begin XCBuildConfiguration section */
		4355140830328E26004D5BAF /* Debug */ = {
			isa = XCBuildConfiguration;
			baseConfigurationReferenceAnchor = 4355141E30329080004D5BAF /* Config */;
			baseConfigurationReferenceRelativePath = Debug.xcconfig;
			buildSettings = {
				ALWAYS_SEARCH_USER_PATHS = NO;
				ASSETCATALOG_COMPILER_GENERATE_SWIFT_ASSET_SYMBOL_EXTENSIONS = YES;
				CLANG_ANALYZER_NONNULL = YES;
				CLANG_ANALYZER_NUMBER_OBJECT_CONVERSION = YES_AGGRESSIVE;
				CLANG_CXX_LANGUAGE_STANDARD = "gnu++20";
				CLANG_ENABLE_MODULES = YES;
				CLANG_ENABLE_OBJC_ARC = YES;
				CLANG_ENABLE_OBJC_WEAK = YES;
				CLANG_WARN_BLOCK_CAPTURE_AUTORELEASING = YES;
				CLANG_WARN_BOOL_CONVERSION = YES;
				CLANG_WARN_COMMA = YES;
				CLANG_WARN_CONSTANT_CONVERSION = YES;
				CLANG_WARN_DEPRECATED_OBJC_IMPLEMENTATIONS = YES;
				CLANG_WARN_DIRECT_OBJC_ISA_USAGE = YES_ERROR;
				CLANG_WARN_DOCUMENTATION_COMMENTS = YES;
				CLANG_WARN_EMPTY_BODY = YES;
				CLANG_WARN_ENUM_CONVERSION = YES;
				CLANG_WARN_INFINITE_RECURSION = YES;
				CLANG_WARN_INT_CONVERSION = YES;
				CLANG_WARN_NON_LITERAL_NULL_CONVERSION = YES;
				CLANG_WARN_OBJC_IMPLICIT_RETAIN_SELF = YES;
				CLANG_WARN_OBJC_LITERAL_CONVERSION = YES;
				CLANG_WARN_OBJC_ROOT_CLASS = YES_ERROR;
				CLANG_WARN_QUOTED_INCLUDE_IN_FRAMEWORK_HEADER = YES;
				CLANG_WARN_RANGE_LOOP_ANALYSIS = YES;
				CLANG_WARN_STRICT_PROTOTYPES = YES;
				CLANG_WARN_SUSPICIOUS_MOVE = YES;
				CLANG_WARN_UNGUARDED_AVAILABILITY = YES_AGGRESSIVE;
				CLANG_WARN_UNREACHABLE_CODE = YES;
				CLANG_WARN__DUPLICATE_METHOD_MATCH = YES;
				COPY_PHASE_STRIP = NO;
				DEBUG_INFORMATION_FORMAT = dwarf;
				ENABLE_STRICT_OBJC_MSGSEND = YES;
				ENABLE_TESTABILITY = YES;
				ENABLE_USER_SCRIPT_SANDBOXING = YES;
				GCC_C_LANGUAGE_STANDARD = gnu17;
				GCC_DYNAMIC_NO_PIC = NO;
				GCC_NO_COMMON_BLOCKS = YES;
				GCC_OPTIMIZATION_LEVEL = 0;
				GCC_PREPROCESSOR_DEFINITIONS = (
					"DEBUG=1",
					"$(inherited)",
				);
				GCC_WARN_64_TO_32_BIT_CONVERSION = YES;
				GCC_WARN_ABOUT_RETURN_TYPE = YES_ERROR;
				GCC_WARN_UNDECLARED_SELECTOR = YES;
				GCC_WARN_UNINITIALIZED_AUTOS = YES_AGGRESSIVE;
				GCC_WARN_UNUSED_FUNCTION = YES;
				GCC_WARN_UNUSED_VARIABLE = YES;
				IPHONEOS_DEPLOYMENT_TARGET = 26.1;
				LOCALIZATION_PREFERS_STRING_CATALOGS = YES;
				MTL_ENABLE_DEBUG_INFO = INCLUDE_SOURCE;
				MTL_FAST_MATH = YES;
				ONLY_ACTIVE_ARCH = YES;
				SDKROOT = iphoneos;
				SWIFT_ACTIVE_COMPILATION_CONDITIONS = "DEBUG $(inherited)";
				SWIFT_OPTIMIZATION_LEVEL = "-Onone";
			};
			name = Debug;
		};
		4355140930328E26004D5BAF /* Release */ = {
			isa = XCBuildConfiguration;
			baseConfigurationReferenceAnchor = 4355141E30329080004D5BAF /* Config */;
			baseConfigurationReferenceRelativePath = Release.xcconfig;
			buildSettings = {
				ALWAYS_SEARCH_USER_PATHS = NO;
				ASSETCATALOG_COMPILER_GENERATE_SWIFT_ASSET_SYMBOL_EXTENSIONS = YES;
				CLANG_ANALYZER_NONNULL = YES;
				CLANG_ANALYZER_NUMBER_OBJECT_CONVERSION = YES_AGGRESSIVE;
				CLANG_CXX_LANGUAGE_STANDARD = "gnu++20";
				CLANG_ENABLE_MODULES = YES;
				CLANG_ENABLE_OBJC_ARC = YES;
				CLANG_ENABLE_OBJC_WEAK = YES;
				CLANG_WARN_BLOCK_CAPTURE_AUTORELEASING = YES;
				CLANG_WARN_BOOL_CONVERSION = YES;
				CLANG_WARN_COMMA = YES;
				CLANG_WARN_CONSTANT_CONVERSION = YES;
				CLANG_WARN_DEPRECATED_OBJC_IMPLEMENTATIONS = YES;
				CLANG_WARN_DIRECT_OBJC_ISA_USAGE = YES_ERROR;
				CLANG_WARN_DOCUMENTATION_COMMENTS = YES;
				CLANG_WARN_EMPTY_BODY = YES;
				CLANG_WARN_ENUM_CONVERSION = YES;
				CLANG_WARN_INFINITE_RECURSION = YES;
				CLANG_WARN_INT_CONVERSION = YES;
				CLANG_WARN_NON_LITERAL_NULL_CONVERSION = YES;
				CLANG_WARN_OBJC_IMPLICIT_RETAIN_SELF = YES;
				CLANG_WARN_OBJC_LITERAL_CONVERSION = YES;
				CLANG_WARN_OBJC_ROOT_CLASS = YES_ERROR;
				CLANG_WARN_QUOTED_INCLUDE_IN_FRAMEWORK_HEADER = YES;
				CLANG_WARN_RANGE_LOOP_ANALYSIS = YES;
				CLANG_WARN_STRICT_PROTOTYPES = YES;
				CLANG_WARN_SUSPICIOUS_MOVE = YES;
				CLANG_WARN_UNGUARDED_AVAILABILITY = YES_AGGRESSIVE;
				CLANG_WARN_UNREACHABLE_CODE = YES;
				CLANG_WARN__DUPLICATE_METHOD_MATCH = YES;
				COPY_PHASE_STRIP = NO;
				DEBUG_INFORMATION_FORMAT = "dwarf-with-dsym";
				ENABLE_NS_ASSERTIONS = NO;
				ENABLE_STRICT_OBJC_MSGSEND = YES;
				ENABLE_USER_SCRIPT_SANDBOXING = YES;
				GCC_C_LANGUAGE_STANDARD = gnu17;
				GCC_NO_COMMON_BLOCKS = YES;
				GCC_WARN_64_TO_32_BIT_CONVERSION = YES;
				GCC_WARN_ABOUT_RETURN_TYPE = YES_ERROR;
				GCC_WARN_UNDECLARED_SELECTOR = YES;
				GCC_WARN_UNINITIALIZED_AUTOS = YES_AGGRESSIVE;
				GCC_WARN_UNUSED_FUNCTION = YES;
				GCC_WARN_UNUSED_VARIABLE = YES;
				IPHONEOS_DEPLOYMENT_TARGET = 26.1;
				LOCALIZATION_PREFERS_STRING_CATALOGS = YES;
				MTL_ENABLE_DEBUG_INFO = NO;
				MTL_FAST_MATH = YES;
				SDKROOT = iphoneos;
				SWIFT_COMPILATION_MODE = wholemodule;
				VALIDATE_PRODUCT = YES;
			};
			name = Release;
		};
		4355140B30328E26004D5BAF /* Debug */ = {
			isa = XCBuildConfiguration;
			baseConfigurationReferenceAnchor = 4355141E30329080004D5BAF /* Config */;
			baseConfigurationReferenceRelativePath = Debug.xcconfig;
			buildSettings = {
				ASSETCATALOG_COMPILER_APPICON_NAME = AppIcon;
				ASSETCATALOG_COMPILER_GLOBAL_ACCENT_COLOR_NAME = AccentColor;
				CODE_SIGN_STYLE = Automatic;
				ENABLE_PREVIEWS = YES;
				GENERATE_INFOPLIST_FILE = YES;
				INFOPLIST_KEY_UIApplicationSceneManifest_Generation = YES;
				INFOPLIST_KEY_UIApplicationSupportsIndirectInputEvents = YES;
				INFOPLIST_KEY_UILaunchScreen_Generation = YES;
				INFOPLIST_KEY_UISupportedInterfaceOrientations_iPad = "UIInterfaceOrientationPortrait UIInterfaceOrientationPortraitUpsideDown UIInterfaceOrientationLandscapeLeft UIInterfaceOrientationLandscapeRight";
				INFOPLIST_KEY_UISupportedInterfaceOrientations_iPhone = "UIInterfaceOrientationPortrait UIInterfaceOrientationLandscapeLeft UIInterfaceOrientationLandscapeRight";
				LD_RUNPATH_SEARCH_PATHS = (
					"$(inherited)",
					"@executable_path/Frameworks",
				);
				PRODUCT_NAME = "$(TARGET_NAME)";
				STRING_CATALOG_GENERATE_SYMBOLS = YES;
				SWIFT_APPROACHABLE_CONCURRENCY = YES;
				SWIFT_DEFAULT_ACTOR_ISOLATION = MainActor;
				SWIFT_EMIT_LOC_STRINGS = YES;
				SWIFT_UPCOMING_FEATURE_MEMBER_IMPORT_VISIBILITY = YES;
				TARGETED_DEVICE_FAMILY = "1,2";
			};
			name = Debug;
		};
		4355140C30328E26004D5BAF /* Release */ = {
			isa = XCBuildConfiguration;
			baseConfigurationReferenceAnchor = 4355141E30329080004D5BAF /* Config */;
			baseConfigurationReferenceRelativePath = Release.xcconfig;
			buildSettings = {
				ASSETCATALOG_COMPILER_APPICON_NAME = AppIcon;
				ASSETCATALOG_COMPILER_GLOBAL_ACCENT_COLOR_NAME = AccentColor;
				CODE_SIGN_STYLE = Automatic;
				ENABLE_PREVIEWS = YES;
				GENERATE_INFOPLIST_FILE = YES;
				INFOPLIST_KEY_UIApplicationSceneManifest_Generation = YES;
				INFOPLIST_KEY_UIApplicationSupportsIndirectInputEvents = YES;
				INFOPLIST_KEY_UILaunchScreen_Generation = YES;
				INFOPLIST_KEY_UISupportedInterfaceOrientations_iPad = "UIInterfaceOrientationPortrait UIInterfaceOrientationPortraitUpsideDown UIInterfaceOrientationLandscapeLeft UIInterfaceOrientationLandscapeRight";
				INFOPLIST_KEY_UISupportedInterfaceOrientations_iPhone = "UIInterfaceOrientationPortrait UIInterfaceOrientationLandscapeLeft UIInterfaceOrientationLandscapeRight";
				LD_RUNPATH_SEARCH_PATHS = (
					"$(inherited)",
					"@executable_path/Frameworks",
				);
				PRODUCT_NAME = "$(TARGET_NAME)";
				STRING_CATALOG_GENERATE_SYMBOLS = YES;
				SWIFT_APPROACHABLE_CONCURRENCY = YES;
				SWIFT_DEFAULT_ACTOR_ISOLATION = MainActor;
				SWIFT_EMIT_LOC_STRINGS = YES;
				SWIFT_UPCOMING_FEATURE_MEMBER_IMPORT_VISIBILITY = YES;
				TARGETED_DEVICE_FAMILY = "1,2";
			};
			name = Release;
		};
		4355141C30328F63004D5BAF /* Debug */ = {
			isa = XCBuildConfiguration;
			baseConfigurationReferenceAnchor = 4355141E30329080004D5BAF /* Config */;
			baseConfigurationReferenceRelativePath = Debug.xcconfig;
			buildSettings = {
				BUNDLE_LOADER = "$(TEST_HOST)";
				CODE_SIGN_STYLE = Automatic;
				GENERATE_INFOPLIST_FILE = YES;
				PRODUCT_NAME = "$(TARGET_NAME)";
				STRING_CATALOG_GENERATE_SYMBOLS = NO;
				SWIFT_APPROACHABLE_CONCURRENCY = YES;
				SWIFT_EMIT_LOC_STRINGS = NO;
				SWIFT_UPCOMING_FEATURE_MEMBER_IMPORT_VISIBILITY = YES;
				TARGETED_DEVICE_FAMILY = "1,2";
				TEST_HOST = "$(BUILT_PRODUCTS_DIR)/PiOS.app/$(BUNDLE_EXECUTABLE_FOLDER_PATH)/PiOS";
			};
			name = Debug;
		};
		4355141D30328F63004D5BAF /* Release */ = {
			isa = XCBuildConfiguration;
			baseConfigurationReferenceAnchor = 4355141E30329080004D5BAF /* Config */;
			baseConfigurationReferenceRelativePath = Release.xcconfig;
			buildSettings = {
				BUNDLE_LOADER = "$(TEST_HOST)";
				CODE_SIGN_STYLE = Automatic;
				GENERATE_INFOPLIST_FILE = YES;
				PRODUCT_NAME = "$(TARGET_NAME)";
				STRING_CATALOG_GENERATE_SYMBOLS = NO;
				SWIFT_APPROACHABLE_CONCURRENCY = YES;
				SWIFT_EMIT_LOC_STRINGS = NO;
				SWIFT_UPCOMING_FEATURE_MEMBER_IMPORT_VISIBILITY = YES;
				TARGETED_DEVICE_FAMILY = "1,2";
				TEST_HOST = "$(BUILT_PRODUCTS_DIR)/PiOS.app/$(BUNDLE_EXECUTABLE_FOLDER_PATH)/PiOS";
			};
			name = Release;
		};
/* End XCBuildConfiguration section */

/* Begin XCConfigurationList section */
		435513FA30328E25004D5BAF /* Build configuration list for PBXProject "PiOS" */ = {
			isa = XCConfigurationList;
			buildConfigurations = (
				4355140830328E26004D5BAF /* Debug */,
				4355140930328E26004D5BAF /* Release */,
			);
			defaultConfigurationIsVisible = 0;
			defaultConfigurationName = Release;
		};
		4355140A30328E26004D5BAF /* Build configuration list for PBXNativeTarget "PiOS" */ = {
			isa = XCConfigurationList;
			buildConfigurations = (
				4355140B30328E26004D5BAF /* Debug */,
				4355140C30328E26004D5BAF /* Release */,
			);
			defaultConfigurationIsVisible = 0;
			defaultConfigurationName = Release;
		};
		4355141B30328F63004D5BAF /* Build configuration list for PBXNativeTarget "PiOSInfrastructureTests" */ = {
			isa = XCConfigurationList;
			buildConfigurations = (
				4355141C30328F63004D5BAF /* Debug */,
				4355141D30328F63004D5BAF /* Release */,
			);
			defaultConfigurationIsVisible = 0;
			defaultConfigurationName = Release;
		};
/* End XCConfigurationList section */

/* Begin XCSwiftPackageProductDependency section */
		4355140F30328EF2004D5BAF /* PiOSCore */ = {
			isa = XCSwiftPackageProductDependency;
			productName = PiOSCore;
		};
/* End XCSwiftPackageProductDependency section */
	};
	rootObject = 435513F730328E25004D5BAF /* Project object */;
}
